// !$*UTF8*$!
{
	archiveVersion = 1;
	classes = {
	};
	objectVersion = 46;
	objects = {

/* Begin PBXBuildFile section */
		0F269BC015D6403000974606 /* UIKit.framework in Frameworks */ = {isa = PBXBuildFile; fileRef = 0F269BBF15D6403000974606 /* UIKit.framework */; };
		0F269BC215D6403000974606 /* Foundation.framework in Frameworks */ = {isa = PBXBuildFile; fileRef = 0F269BC115D6403000974606 /* Foundation.framework */; };
		0F269BC415D6403000974606 /* CoreGraphics.framework in Frameworks */ = {isa = PBXBuildFile; fileRef = 0F269BC315D6403000974606 /* CoreGraphics.framework */; };
		0F269BCA15D6403000974606 /* InfoPlist.strings in Resources */ = {isa = PBXBuildFile; fileRef = 0F269BC815D6403000974606 /* InfoPlist.strings */; };
		0F269BCC15D6403000974606 /* main.m in Sources */ = {isa = PBXBuildFile; fileRef = 0F269BCB15D6403000974606 /* main.m */; };
		0F269BD015D6403000974606 /* AppDelegate.m in Sources */ = {isa = PBXBuildFile; fileRef = 0F269BCF15D6403000974606 /* AppDelegate.m */; };
		0F269BD315D6403000974606 /* ViewController.m in Sources */ = {isa = PBXBuildFile; fileRef = 0F269BD215D6403000974606 /* ViewController.m */; };
		0F269BD615D6403000974606 /* ViewController.xib in Resources */ = {isa = PBXBuildFile; fileRef = 0F269BD415D6403000974606 /* ViewController.xib */; };
		0F269BDE15D640A500974606 /* Persons.m in Sources */ = {isa = PBXBuildFile; fileRef = 0F269BDD15D640A500974606 /* Persons.m */; };
		0F269BE215D6460F00974606 /* MyViewController.m in Sources */ = {isa = PBXBuildFile; fileRef = 0F269BE015D6460F00974606 /* MyViewController.m */; };
		0F269BE315D6460F00974606 /* MyViewController.xib in Resources */ = {isa = PBXBuildFile; fileRef = 0F269BE115D6460F00974606 /* MyViewController.xib */; };
		0F269BE515D651E300974606 /* Documentsxy in Resources */ = {isa = PBXBuildFile; fileRef = 0F269BE415D651E300974606 /* Documentsxy */; };
/* End PBXBuildFile section */

/* Begin PBXFileReference section */
		0F269BBB15D6403000974606 /* ArchiverProject.app */ = {isa = PBXFileReference; explicitFileType = wrapper.application; includeInIndex = 0; path = ArchiverProject.app; sourceTree = BUILT_PRODUCTS_DIR; };
		0F269BBF15D6403000974606 /* UIKit.framework */ = {isa = PBXFileReference; lastKnownFileType = wrapper.framework; name = UIKit.framework; path = System/Library/Frameworks/UIKit.framework; sourceTree = SDKROOT; };
		0F269BC115D6403000974606 /* Foundation.framework */ = {isa = PBXFileReference; lastKnownFileType = wrapper.framework; name = Foundation.framework; path = System/Library/Frameworks/Foundation.framework; sourceTree = SDKROOT; };
		0F269BC315D6403000974606 /* CoreGraphics.framework */ = {isa = PBXFileReference; lastKnownFileType = wrapper.framework; name = CoreGraphics.framework; path = System/Library/Frameworks/CoreGraphics.framework; sourceTree = SDKROOT; };
		0F269BC715D6403000974606 /* ArchiverProject-Info.plist */ = {isa = PBXFileReference; lastKnownFileType = text.plist.xml; path = "ArchiverProject-Info.plist"; sourceTree = "<group>"; };
		0F269BC915D6403000974606 /* en */ = {isa = PBXFileReference; lastKnownFileType = text.plist.strings; name = en; path = en.lproj/InfoPlist.strings; sourceTree = "<group>"; };
		0F269BCB15D6403000974606 /* main.m */ = {isa = PBXFileReference; lastKnownFileType = sourcecode.c.objc; path = main.m; sourceTree = "<group>"; };
		0F269BCD15D6403000974606 /* ArchiverProject-Prefix.pch */ = {isa = PBXFileReference; lastKnownFileType = sourcecode.c.h; path = "ArchiverProject-Prefix.pch"; sourceTree = "<group>"; };
		0F269BCE15D6403000974606 /* AppDelegate.h */ = {isa = PBXFileReference; lastKnownFileType = sourcecode.c.h; path = AppDelegate.h; sourceTree = "<group>"; };
		0F269BCF15D6403000974606 /* AppDelegate.m */ = {isa = PBXFileReference; lastKnownFileType = sourcecode.c.objc; path = AppDelegate.m; sourceTree = "<group>"; };
		0F269BD115D6403000974606 /* ViewController.h */ = {isa = PBXFileReference; lastKnownFileType = sourcecode.c.h; path = ViewController.h; sourceTree = "<group>"; };
		0F269BD215D6403000974606 /* ViewController.m */ = {isa = PBXFileReference; lastKnownFileType = sourcecode.c.objc; path = ViewController.m; sourceTree = "<group>"; };
		0F269BD515D6403000974606 /* en */ = {isa = PBXFileReference; lastKnownFileType = file.xib; name = en; path = en.lproj/ViewController.xib; sourceTree = "<group>"; };
		0F269BDC15D640A500974606 /* Persons.h */ = {isa = PBXFileReference; fileEncoding = 4; lastKnownFileType = sourcecode.c.h; path = Persons.h; sourceTree = "<group>"; };
		0F269BDD15D640A500974606 /* Persons.m */ = {isa = PBXFileReference; fileEncoding = 4; lastKnownFileType = sourcecode.c.objc; path = Persons.m; sourceTree = "<group>"; };
		0F269BDF15D6460F00974606 /* MyViewController.h */ = {isa = PBXFileReference; fileEncoding = 4; lastKnownFileType = sourcecode.c.h; path = MyViewController.h; sourceTree = "<group>"; };
		0F269BE015D6460F00974606 /* MyViewController.m */ = {isa = PBXFileReference; fileEncoding = 4; lastKnownFileType = sourcecode.c.objc; path = MyViewController.m; sourceTree = "<group>"; };
		0F269BE115D6460F00974606 /* MyViewController.xib */ = {isa = PBXFileReference; fileEncoding = 4; lastKnownFileType = file.xib; path = MyViewController.xib; sourceTree = "<group>"; };
		0F269BE415D651E300974606 /* Documentsxy */ = {isa = PBXFileReference; lastKnownFileType = file.bplist; path = Documentsxy; sourceTree = "<group>"; };
/* End PBXFileReference section */

/* Begin PBXFrameworksBuildPhase section */
		0F269BB815D6403000974606 /* Frameworks */ = {
			isa = PBXFrameworksBuildPhase;
			buildActionMask = 2147483647;
			files = (
				0F269BC015D6403000974606 /* UIKit.framework in Frameworks */,
				0F269BC215D6403000974606 /* Foundation.framework in Frameworks */,
				0F269BC415D6403000974606 /* CoreGraphics.framework in Frameworks */,
			);
			runOnlyForDeploymentPostprocessing = 0;
		};
/* End PBXFrameworksBuildPhase section */

/* Begin PBXGroup section */
		0F269BB015D6402F00974606 = {
			isa = PBXGroup;
			children = (
				0F269BC515D6403000974606 /* ArchiverProject */,
				0F269BBE15D6403000974606 /* Frameworks */,
				0F269BBC15D6403000974606 /* Products */,
			);
			sourceTree = "<group>";
		};
		0F269BBC15D6403000974606 /* Products */ = {
			isa = PBXGroup;
			children = (
				0F269BBB15D6403000974606 /* ArchiverProject.app */,
			);
			name = Products;
			sourceTree = "<group>";
		};
		0F269BBE15D6403000974606 /* Frameworks */ = {
			isa = PBXGroup;
			children = (
				0F269BBF15D6403000974606 /* UIKit.framework */,
				0F269BC115D6403000974606 /* Foundation.framework */,
				0F269BC315D6403000974606 /* CoreGraphics.framework */,
			);
			name = Frameworks;
			sourceTree = "<group>";
		};
		0F269BC515D6403000974606 /* ArchiverProject */ = {
			isa = PBXGroup;
			children = (
				0F269BCE15D6403000974606 /* AppDelegate.h */,
				0F269BCF15D6403000974606 /* AppDelegate.m */,
				0F269BD115D6403000974606 /* ViewController.h */,
				0F269BD215D6403000974606 /* ViewController.m */,
				0F269BD415D6403000974606 /* ViewController.xib */,
				0F269BC615D6403000974606 /* Supporting Files */,
				0F269BDC15D640A500974606 /* Persons.h */,
				0F269BDD15D640A500974606 /* Persons.m */,
				0F269BDF15D6460F00974606 /* MyViewController.h */,
				0F269BE015D6460F00974606 /* MyViewController.m */,
				0F269BE415D651E300974606 /* Documentsxy */,
				0F269BE115D6460F00974606 /* MyViewController.xib */,
			);
			path = ArchiverProject;
			sourceTree = "<group>";
		};
		0F269BC615D6403000974606 /* Supporting Files */ = {
			isa = PBXGroup;
			children = (
				0F269BC715D6403000974606 /* ArchiverProject-Info.plist */,
				0F269BC815D6403000974606 /* InfoPlist.strings */,
				0F269BCB15D6403000974606 /* main.m */,
				0F269BCD15D6403000974606 /* ArchiverProject-Prefix.pch */,
			);
			name = "Supporting Files";
			sourceTree = "<group>";
		};
/* End PBXGroup section */

/* Begin PBXNativeTarget section */
		0F269BBA15D6403000974606 /* ArchiverProject */ = {
			isa = PBXNativeTarget;
			buildConfigurationList = 0F269BD915D6403000974606 /* Build configuration list for PBXNativeTarget "ArchiverProject" */;
			buildPhases = (
				0F269BB715D6403000974606 /* Sources */,
				0F269BB815D6403000974606 /* Frameworks */,
				0F269BB915D6403000974606 /* Resources */,
			);
			buildRules = (
			);
			dependencies = (
			);
			name = ArchiverProject;
			productName = ArchiverProject;
			productReference = 0F269BBB15D6403000974606 /* ArchiverProject.app */;
			productType = "com.apple.product-type.application";
		};
/* End PBXNativeTarget section */

/* Begin PBXProject section */
		0F269BB215D6402F00974606 /* Project object */ = {
			isa = PBXProject;
			attributes = {
				LastUpgradeCheck = 0420;
			};
			buildConfigurationList = 0F269BB515D6402F00974606 /* Build configuration list for PBXProject "ArchiverProject" */;
			compatibilityVersion = "Xcode 3.2";
			developmentRegion = English;
			hasScannedForEncodings = 0;
			knownRegions = (
				en,
			);
			mainGroup = 0F269BB015D6402F00974606;
			productRefGroup = 0F269BBC15D6403000974606 /* Products */;
			projectDirPath = "";
			projectRoot = "";
			targets = (
				0F269BBA15D6403000974606 /* ArchiverProject */,
			);
		};
/* End PBXProject section */

/* Begin PBXResourcesBuildPhase section */
		0F269BB915D6403000974606 /* Resources */ = {
			isa = PBXResourcesBuildPhase;
			buildActionMask = 2147483647;
			files = (
				0F269BCA15D6403000974606 /* InfoPlist.strings in Resources */,
				0F269BD615D6403000974606 /* ViewController.xib in Resources */,
				0F269BE315D6460F00974606 /* MyViewController.xib in Resources */,
				0F269BE515D651E300974606 /* Documentsxy in Resources */,
			);
			runOnlyForDeploymentPostprocessing = 0;
		};
/* End PBXResourcesBuildPhase section */

/* Begin PBXSourcesBuildPhase section */
		0F269BB715D6403000974606 /* Sources */ = {
			isa = PBXSourcesBuildPhase;
			buildActionMask = 2147483647;
			files = (
				0F269BCC15D6403000974606 /* main.m in Sources */,
				0F269BD015D6403000974606 /* AppDelegate.m in Sources */,
				0F269BD315D6403000974606 /* ViewController.m in Sources */,
				0F269BDE15D640A500974606 /* Persons.m in Sources */,
				0F269BE215D6460F00974606 /* MyViewController.m in Sources */,
			);
			runOnlyForDeploymentPostprocessing = 0;
		};
/* End PBXSourcesBuildPhase section */

/* Begin PBXVariantGroup section */
		0F269BC815D6403000974606 /* InfoPlist.strings */ = {
			isa = PBXVariantGroup;
			children = (
				0F269BC915D6403000974606 /* en */,
			);
			name = InfoPlist.strings;
			sourceTree = "<group>";
		};
		0F269BD415D6403000974606 /* ViewController.xib */ = {
			isa = PBXVariantGroup;
			children = (
				0F269BD515D6403000974606 /* en */,
			);
			name = ViewController.xib;
			sourceTree = "<group>";
		};
/* End PBXVariantGroup section */

/* Begin XCBuildConfiguration section */
		0F269BD715D6403000974606 /* Debug */ = {
			isa = XCBuildConfiguration;
			buildSettings = {
				ALWAYS_SEARCH_USER_PATHS = NO;
				ARCHS = "$(ARCHS_STANDARD_32_BIT)";
				"CODE_SIGN_IDENTITY[sdk=iphoneos*]" = "iPhone Developer";
				COPY_PHASE_STRIP = NO;
				GCC_C_LANGUAGE_STANDARD = gnu99;
				GCC_DYNAMIC_NO_PIC = NO;
				GCC_OPTIMIZATION_LEVEL = 0;
				GCC_PREPROCESSOR_DEFINITIONS = (
					"DEBUG=1",
					"$(inherited)",
				);
				GCC_SYMBOLS_PRIVATE_EXTERN = NO;
				GCC_VERSION = com.apple.compilers.llvm.clang.1_0;
				GCC_WARN_ABOUT_MISSING_PROTOTYPES = YES;
				GCC_WARN_ABOUT_RETURN_TYPE = YES;
				GCC_WARN_UNUSED_VARIABLE = YES;
				IPHONEOS_DEPLOYMENT_TARGET = 5.0;
				SDKROOT = iphoneos;
			};
			name = Debug;
		};
		0F269BD815D6403000974606 /* Release */ = {
			isa = XCBuildConfiguration;
			buildSettings = {
				ALWAYS_SEARCH_USER_PATHS = NO;
				ARCHS = "$(ARCHS_STANDARD_32_BIT)";
				"CODE_SIGN_IDENTITY[sdk=iphoneos*]" = "iPhone Developer";
				COPY_PHASE_STRIP = YES;
				GCC_C_LANGUAGE_STANDARD = gnu99;
				GCC_VERSION = com.apple.compilers.llvm.clang.1_0;
				GCC_WARN_ABOUT_MISSING_PROTOTYPES = YES;
				GCC_WARN_ABOUT_RETURN_TYPE = YES;
				GCC_WARN_UNUSED_VARIABLE = YES;
				IPHONEOS_DEPLOYMENT_TARGET = 5.0;
				OTHER_CFLAGS = "-DNS_BLOCK_ASSERTIONS=1";
				SDKROOT = iphoneos;
				VALIDATE_PRODUCT = YES;
			};
			name = Release;
		};
		0F269BDA15D6403000974606 /* Debug */ = {
			isa = XCBuildConfiguration;
			buildSettings = {
				GCC_PRECOMPILE_PREFIX_HEADER = YES;
				GCC_PREFIX_HEADER = "ArchiverProject/ArchiverProject-Prefix.pch";
				INFOPLIST_FILE = "ArchiverProject/ArchiverProject-Info.plist";
				PRODUCT_NAME = "$(TARGET_NAME)";
				WRAPPER_EXTENSION = app;
			};
			name = Debug;
		};
		0F269BDB15D6403000974606 /* Release */ = {
			isa = XCBuildConfiguration;
			buildSettings = {
				GCC_PRECOMPILE_PREFIX_HEADER = YES;
				GCC_PREFIX_HEADER = "ArchiverProject/ArchiverProject-Prefix.pch";
				INFOPLIST_FILE = "ArchiverProject/ArchiverProject-Info.plist";
				PRODUCT_NAME = "$(TARGET_NAME)";
				WRAPPER_EXTENSION = app;
			};
			name = Release;
		};
/* End XCBuildConfiguration section */

/* Begin XCConfigurationList section */
		0F269BB515D6402F00974606 /* Build configuration list for PBXProject "ArchiverProject" */ = {
			isa = XCConfigurationList;
			buildConfigurations = (
				0F269BD715D6403000974606 /* Debug */,
				0F269BD815D6403000974606 /* Release */,
			);
			defaultConfigurationIsVisible = 0;
			defaultConfigurationName = Release;
		};
		0F269BD915D6403000974606 /* Build configuration list for PBXNativeTarget "ArchiverProject" */ = {
			isa = XCConfigurationList;
			buildConfigurations = (
				0F269BDA15D6403000974606 /* Debug */,
				0F269BDB15D6403000974606 /* Release */,
			);
			defaultConfigurationIsVisible = 0;
		};
/* End XCConfigurationList section */
	};
	rootObject = 0F269BB215D6402F00974606 /* Project object */;
}
